// !$*UTF8*$!
{
	archiveVersion = 1;
	classes = {
	};
	objectVersion = 50;
	objects = {

/* Begin PBXBuildFile section */
		274E9BDC23CC2D0C00740ED3 /* VMGameProtocols.swift in Sources */ = {isa = PBXBuildFile; fileRef = 274E9BDB23CC2D0C00740ED3 /* VMGameProtocols.swift */; };
		275986A923D0868F0014BECA /* Indexer.swift in Sources */ = {isa = PBXBuildFile; fileRef = 275986A823D0868F0014BECA /* Indexer.swift */; };
		275986AC23D211290014BECA /* ConfigView.swift in Sources */ = {isa = PBXBuildFile; fileRef = 275986AB23D211290014BECA /* ConfigView.swift */; };
		27D96D7A23C1AA60003A677B /* AppDelegate.swift in Sources */ = {isa = PBXBuildFile; fileRef = 27D96D7923C1AA60003A677B /* AppDelegate.swift */; };
		27D96D7C23C1AA60003A677B /* BoadViewController.swift in Sources */ = {isa = PBXBuildFile; fileRef = 27D96D7B23C1AA60003A677B /* BoadViewController.swift */; };
		27D96D7E23C1AA62003A677B /* Assets.xcassets in Resources */ = {isa = PBXBuildFile; fileRef = 27D96D7D23C1AA62003A677B /* Assets.xcassets */; };
		27D96D8123C1AA62003A677B /* Main.storyboard in Resources */ = {isa = PBXBuildFile; fileRef = 27D96D7F23C1AA62003A677B /* Main.storyboard */; };
		27D96D8C23C1AC6E003A677B /* BoardView.swift in Sources */ = {isa = PBXBuildFile; fileRef = 27D96D8B23C1AC6E003A677B /* BoardView.swift */; };
		27D96D8E23C1CBF1003A677B /* Player.swift in Sources */ = {isa = PBXBuildFile; fileRef = 27D96D8D23C1CBF1003A677B /* Player.swift */; };
		27D96D9423C2C750003A677B /* Grid.swift in Sources */ = {isa = PBXBuildFile; fileRef = 27D96D9323C2C750003A677B /* Grid.swift */; };
		27D9D50E23D40742002955C4 /* VMGameBot.swift in Sources */ = {isa = PBXBuildFile; fileRef = 27D9D50D23D40742002955C4 /* VMGameBot.swift */; };
		27F17BC123C4624D00685264 /* Board.swift in Sources */ = {isa = PBXBuildFile; fileRef = 27F17BC023C4624D00685264 /* Board.swift */; };
/* End PBXBuildFile section */

/* Begin PBXFileReference section */
		274E9BDB23CC2D0C00740ED3 /* VMGameProtocols.swift */ = {isa = PBXFileReference; lastKnownFileType = sourcecode.swift; path = VMGameProtocols.swift; sourceTree = "<group>"; };
		275986A823D0868F0014BECA /* Indexer.swift */ = {isa = PBXFileReference; lastKnownFileType = sourcecode.swift; path = Indexer.swift; sourceTree = "<group>"; };
		275986AB23D211290014BECA /* ConfigView.swift */ = {isa = PBXFileReference; lastKnownFileType = sourcecode.swift; path = ConfigView.swift; sourceTree = "<group>"; };
		27D96D7623C1AA60003A677B /* TicTacToe.app */ = {isa = PBXFileReference; explicitFileType = wrapper.application; includeInIndex = 0; path = TicTacToe.app; sourceTree = BUILT_PRODUCTS_DIR; };
		27D96D7923C1AA60003A677B /* AppDelegate.swift */ = {isa = PBXFileReference; lastKnownFileType = sourcecode.swift; path = AppDelegate.swift; sourceTree = "<group>"; };
		27D96D7B23C1AA60003A677B /* BoadViewController.swift */ = {isa = PBXFileReference; lastKnownFileType = sourcecode.swift; path = BoadViewController.swift; sourceTree = "<group>"; };
		27D96D7D23C1AA62003A677B /* Assets.xcassets */ = {isa = PBXFileReference; lastKnownFileType = folder.assetcatalog; path = Assets.xcassets; sourceTree = "<group>"; };
		27D96D8023C1AA62003A677B /* Base */ = {isa = PBXFileReference; lastKnownFileType = file.storyboard; name = Base; path = Base.lproj/Main.storyboard; sourceTree = "<group>"; };
		27D96D8223C1AA62003A677B /* Info.plist */ = {isa = PBXFileReference; lastKnownFileType = text.plist.xml; path = Info.plist; sourceTree = "<group>"; };
		27D96D8B23C1AC6E003A677B /* BoardView.swift */ = {isa = PBXFileReference; lastKnownFileType = sourcecode.swift; path = BoardView.swift; sourceTree = "<group>"; };
		27D96D8D23C1CBF1003A677B /* Player.swift */ = {isa = PBXFileReference; lastKnownFileType = sourcecode.swift; path = Player.swift; sourceTree = "<group>"; };
		27D96D9323C2C750003A677B /* Grid.swift */ = {isa = PBXFileReference; lastKnownFileType = sourcecode.swift; path = Grid.swift; sourceTree = "<group>"; };
		27D9D50D23D40742002955C4 /* VMGameBot.swift */ = {isa = PBXFileReference; lastKnownFileType = sourcecode.swift; path = VMGameBot.swift; sourceTree = "<group>"; };
		27F17BC023C4624D00685264 /* Board.swift */ = {isa = PBXFileReference; lastKnownFileType = sourcecode.swift; path = Board.swift; sourceTree = "<group>"; };
/* End PBXFileReference section */

/* Begin PBXFrameworksBuildPhase section */
		27D96D7323C1AA60003A677B /* Frameworks */ = {
			isa = PBXFrameworksBuildPhase;
			buildActionMask = 2147483647;
			files = (
			);
			runOnlyForDeploymentPostprocessing = 0;
		};
/* End PBXFrameworksBuildPhase section */

/* Begin PBXGroup section */
		274E9BD223CBE30D00740ED3 /* VMGameKit */ = {
			isa = PBXGroup;
			children = (
				274E9BDB23CC2D0C00740ED3 /* VMGameProtocols.swift */,
				27D9D50D23D40742002955C4 /* VMGameBot.swift */,
			);
			path = VMGameKit;
			sourceTree = "<group>";
		};
		274E9BD323CBE33A00740ED3 /* TicTacToe Model */ = {
			isa = PBXGroup;
			children = (
				27D96D8D23C1CBF1003A677B /* Player.swift */,
				27D96D9323C2C750003A677B /* Grid.swift */,
				27F17BC023C4624D00685264 /* Board.swift */,
			);
			path = "TicTacToe Model";
			sourceTree = "<group>";
		};
		274E9BD423CBE37E00740ED3 /* TicTacToe View */ = {
			isa = PBXGroup;
			children = (
				27D96D7B23C1AA60003A677B /* BoadViewController.swift */,
				27D96D8B23C1AC6E003A677B /* BoardView.swift */,
				275986AB23D211290014BECA /* ConfigView.swift */,
			);
			path = "TicTacToe View";
			sourceTree = "<group>";
		};
		275986AA23D0869B0014BECA /* Extensions */ = {
			isa = PBXGroup;
			children = (
				275986A823D0868F0014BECA /* Indexer.swift */,
			);
			path = Extensions;
			sourceTree = "<group>";
		};
		27D96D6D23C1AA60003A677B = {
			isa = PBXGroup;
			children = (
				27D96D7823C1AA60003A677B /* TicTacToe */,
				27D96D7723C1AA60003A677B /* Products */,
			);
			sourceTree = "<group>";
		};
		27D96D7723C1AA60003A677B /* Products */ = {
			isa = PBXGroup;
			children = (
				27D96D7623C1AA60003A677B /* TicTacToe.app */,
			);
			name = Products;
			sourceTree = "<group>";
		};
		27D96D7823C1AA60003A677B /* TicTacToe */ = {
			isa = PBXGroup;
			children = (
				27D96D7923C1AA60003A677B /* AppDelegate.swift */,
				27D96D7D23C1AA62003A677B /* Assets.xcassets */,
				27D96D7F23C1AA62003A677B /* Main.storyboard */,
				27D96D8223C1AA62003A677B /* Info.plist */,
				275986AA23D0869B0014BECA /* Extensions */,
				274E9BD323CBE33A00740ED3 /* TicTacToe Model */,
				274E9BD423CBE37E00740ED3 /* TicTacToe View */,
				274E9BD223CBE30D00740ED3 /* VMGameKit */,
			);
			path = TicTacToe;
			sourceTree = "<group>";
		};
/* End PBXGroup section */

/* Begin PBXNativeTarget section */
		27D96D7523C1AA60003A677B /* TicTacToe */ = {
			isa = PBXNativeTarget;
			buildConfigurationList = 27D96D8623C1AA62003A677B /* Build configuration list for PBXNativeTarget "TicTacToe" */;
			buildPhases = (
				27D96D7223C1AA60003A677B /* Sources */,
				27D96D7323C1AA60003A677B /* Frameworks */,
				27D96D7423C1AA60003A677B /* Resources */,
			);
			buildRules = (
			);
			dependencies = (
			);
			name = TicTacToe;
			productName = TicTacToe;
			productReference = 27D96D7623C1AA60003A677B /* TicTacToe.app */;
			productType = "com.apple.product-type.application";
		};
/* End PBXNativeTarget section */

/* Begin PBXProject section */
		27D96D6E23C1AA60003A677B /* Project object */ = {
			isa = PBXProject;
			attributes = {
				LastSwiftUpdateCheck = 1130;
				LastUpgradeCheck = 1130;
				ORGANIZATIONNAME = VMWishes;
				TargetAttributes = {
					27D96D7523C1AA60003A677B = {
						CreatedOnToolsVersion = 11.3;
					};
				};
			};
			buildConfigurationList = 27D96D7123C1AA60003A677B /* Build configuration list for PBXProject "TicTacToe" */;
			compatibilityVersion = "Xcode 9.3";
			developmentRegion = en;
			hasScannedForEncodings = 0;
			knownRegions = (
				en,
				Base,
			);
			mainGroup = 27D96D6D23C1AA60003A677B;
			productRefGroup = 27D96D7723C1AA60003A677B /* Products */;
			projectDirPath = "";
			projectRoot = "";
			targets = (
				27D96D7523C1AA60003A677B /* TicTacToe */,
			);
		};
/* End PBXProject section */

/* Begin PBXResourcesBuildPhase section */
		27D96D7423C1AA60003A677B /* Resources */ = {
			isa = PBXResourcesBuildPhase;
			buildActionMask = 2147483647;
			files = (
				27D96D7E23C1AA62003A677B /* Assets.xcassets in Resources */,
				27D96D8123C1AA62003A677B /* Main.storyboard in Resources */,
			);
			runOnlyForDeploymentPostprocessing = 0;
		};
/* End PBXResourcesBuildPhase section */

/* Begin PBXSourcesBuildPhase section */
		27D96D7223C1AA60003A677B /* Sources */ = {
			isa = PBXSourcesBuildPhase;
			buildActionMask = 2147483647;
			files = (
				275986AC23D211290014BECA /* ConfigView.swift in Sources */,
				27D96D8E23C1CBF1003A677B /* Player.swift in Sources */,
				27D96D7C23C1AA60003A677B /* BoadViewController.swift in Sources */,
				27D96D8C23C1AC6E003A677B /* BoardView.swift in Sources */,
				27D96D7A23C1AA60003A677B /* AppDelegate.swift in Sources */,
				27F17BC123C4624D00685264 /* Board.swift in Sources */,
				27D9D50E23D40742002955C4 /* VMGameBot.swift in Sources */,
				275986A923D0868F0014BECA /* Indexer.swift in Sources */,
				274E9BDC23CC2D0C00740ED3 /* VMGameProtocols.swift in Sources */,
				27D96D9423C2C750003A677B /* Grid.swift in Sources */,
			);
			runOnlyForDeploymentPostprocessing = 0;
		};
/* End PBXSourcesBuildPhase section */

/* Begin PBXVariantGroup section */
		27D96D7F23C1AA62003A677B /* Main.storyboard */ = {
			isa = PBXVariantGroup;
			children = (
				27D96D8023C1AA62003A677B /* Base */,
			);
			name = Main.storyboard;
			sourceTree = "<group>";
		};
/* End PBXVariantGroup section */

/* Begin XCBuildConfiguration section */
		27D96D8423C1AA62003A677B /* Debug */ = {
			isa = XCBuildConfiguration;
			buildSettings = {
				ALWAYS_SEARCH_USER_PATHS = NO;
				CLANG_ANALYZER_NONNULL = YES;
				CLANG_ANALYZER_NUMBER_OBJECT_CONVERSION = YES_AGGRESSIVE;
				CLANG_CXX_LANGUAGE_STANDARD = "gnu++14";
				CLANG_CXX_LIBRARY = "libc++";
				CLANG_ENABLE_MODULES = YES;
				CLANG_ENABLE_OBJC_ARC = YES;
				CLANG_ENABLE_OBJC_WEAK = YES;
				CLANG_WARN_BLOCK_CAPTURE_AUTORELEASING = YES;
				CLANG_WARN_BOOL_CONVERSION = YES;
				CLANG_WARN_COMMA = YES;
				CLANG_WARN_CONSTANT_CONVERSION = YES;
				CLANG_WARN_DEPRECATED_OBJC_IMPLEMENTATIONS = YES;
				CLANG_WARN_DIRECT_OBJC_ISA_USAGE = YES_ERROR;
				CLANG_WARN_DOCUMENTATION_COMMENTS = YES;
				CLANG_WARN_EMPTY_BODY = YES;
				CLANG_WARN_ENUM_CONVERSION = YES;
				CLANG_WARN_INFINITE_RECURSION = YES;
				CLANG_WARN_INT_CONVERSION = YES;
				CLANG_WARN_NON_LITERAL_NULL_CONVERSION = YES;
				CLANG_WARN_OBJC_IMPLICIT_RETAIN_SELF = YES;
				CLANG_WARN_OBJC_LITERAL_CONVERSION = YES;
				CLANG_WARN_OBJC_ROOT_CLASS = YES_ERROR;
				CLANG_WARN_RANGE_LOOP_ANALYSIS = YES;
				CLANG_WARN_STRICT_PROTOTYPES = YES;
				CLANG_WARN_SUSPICIOUS_MOVE = YES;
				CLANG_WARN_UNGUARDED_AVAILABILITY = YES_AGGRESSIVE;
				CLANG_WARN_UNREACHABLE_CODE = YES;
				CLANG_WARN__DUPLICATE_METHOD_MATCH = YES;
				COPY_PHASE_STRIP = NO;
				DEBUG_INFORMATION_FORMAT = dwarf;
				ENABLE_STRICT_OBJC_MSGSEND = YES;
				ENABLE_TESTABILITY = YES;
				GCC_C_LANGUAGE_STANDARD = gnu11;
				GCC_DYNAMIC_NO_PIC = NO;
				GCC_NO_COMMON_BLOCKS = YES;
				GCC_OPTIMIZATION_LEVEL = 0;
				GCC_PREPROCESSOR_DEFINITIONS = (
					"DEBUG=1",
					"$(inherited)",
				);
				GCC_WARN_64_TO_32_BIT_CONVERSION = YES;
				GCC_WARN_ABOUT_RETURN_TYPE = YES_ERROR;
				GCC_WARN_UNDECLARED_SELECTOR = YES;
				GCC_WARN_UNINITIALIZED_AUTOS = YES_AGGRESSIVE;
				GCC_WARN_UNUSED_FUNCTION = YES;
				GCC_WARN_UNUSED_VARIABLE = YES;
				MACOSX_DEPLOYMENT_TARGET = 10.14;
				MTL_ENABLE_DEBUG_INFO = INCLUDE_SOURCE;
				MTL_FAST_MATH = YES;
				ONLY_ACTIVE_ARCH = YES;
				SDKROOT = macosx;
				SWIFT_ACTIVE_COMPILATION_CONDITIONS = DEBUG;
				SWIFT_OPTIMIZATION_LEVEL = "-Onone";
			};
			name = Debug;
		};
		27D96D8523C1AA62003A677B /* Release */ = {
			isa = XCBuildConfiguration;
			buildSettings = {
				ALWAYS_SEARCH_USER_PATHS = NO;
				CLANG_ANALYZER_NONNULL = YES;
				CLANG_ANALYZER_NUMBER_OBJECT_CONVERSION = YES_AGGRESSIVE;
				CLANG_CXX_LANGUAGE_STANDARD = "gnu++14";
				CLANG_CXX_LIBRARY = "libc++";
				CLANG_ENABLE_MODULES = YES;
				CLANG_ENABLE_OBJC_ARC = YES;
				CLANG_ENABLE_OBJC_WEAK = YES;
				CLANG_WARN_BLOCK_CAPTURE_AUTORELEASING = YES;
				CLANG_WARN_BOOL_CONVERSION = YES;
				CLANG_WARN_COMMA = YES;
				CLANG_WARN_CONSTANT_CONVERSION = YES;
				CLANG_WARN_DEPRECATED_OBJC_IMPLEMENTATIONS = YES;
				CLANG_WARN_DIRECT_OBJC_ISA_USAGE = YES_ERROR;
				CLANG_WARN_DOCUMENTATION_COMMENTS = YES;
				CLANG_WARN_EMPTY_BODY = YES;
				CLANG_WARN_ENUM_CONVERSION = YES;
				CLANG_WARN_INFINITE_RECURSION = YES;
				CLANG_WARN_INT_CONVERSION = YES;
				CLANG_WARN_NON_LITERAL_NULL_CONVERSION = YES;
				CLANG_WARN_OBJC_IMPLICIT_RETAIN_SELF = YES;
				CLANG_WARN_OBJC_LITERAL_CONVERSION = YES;
				CLANG_WARN_OBJC_ROOT_CLASS = YES_ERROR;
				CLANG_WARN_RANGE_LOOP_ANALYSIS = YES;
				CLANG_WARN_STRICT_PROTOTYPES = YES;
				CLANG_WARN_SUSPICIOUS_MOVE = YES;
				CLANG_WARN_UNGUARDED_AVAILABILITY = YES_AGGRESSIVE;
				CLANG_WARN_UNREACHABLE_CODE = YES;
				CLANG_WARN__DUPLICATE_METHOD_MATCH = YES;
				COPY_PHASE_STRIP = NO;
				DEBUG_INFORMATION_FORMAT = "dwarf-with-dsym";
				ENABLE_NS_ASSERTIONS = NO;
				ENABLE_STRICT_OBJC_MSGSEND = YES;
				GCC_C_LANGUAGE_STANDARD = gnu11;
				GCC_NO_COMMON_BLOCKS = YES;
				GCC_WARN_64_TO_32_BIT_CONVERSION = YES;
				GCC_WARN_ABOUT_RETURN_TYPE = YES_ERROR;
				GCC_WARN_UNDECLARED_SELECTOR = YES;
				GCC_WARN_UNINITIALIZED_AUTOS = YES_AGGRESSIVE;
				GCC_WARN_UNUSED_FUNCTION = YES;
				GCC_WARN_UNUSED_VARIABLE = YES;
				MACOSX_DEPLOYMENT_TARGET = 10.14;
				MTL_ENABLE_DEBUG_INFO = NO;
				MTL_FAST_MATH = YES;
				SDKROOT = macosx;
				SWIFT_COMPILATION_MODE = wholemodule;
				SWIFT_OPTIMIZATION_LEVEL = "-O";
			};
			name = Release;
		};
		27D96D8723C1AA62003A677B /* Debug */ = {
			isa = XCBuildConfiguration;
			buildSettings = {
				ASSETCATALOG_COMPILER_APPICON_NAME = AppIcon;
				CODE_SIGN_ENTITLEMENTS = TicTacToe/TicTacToe.entitlements;
				CODE_SIGN_STYLE = Automatic;
				COMBINE_HIDPI_IMAGES = YES;
				DEVELOPMENT_TEAM = 642SNV9NK2;
				ENABLE_HARDENED_RUNTIME = NO;
				INFOPLIST_FILE = TicTacToe/Info.plist;
				LD_RUNPATH_SEARCH_PATHS = (
					"$(inherited)",
					"@executable_path/../Frameworks",
				);
				PRODUCT_BUNDLE_IDENTIFIER = com.vmwishes.TicTacToe;
				PRODUCT_NAME = "$(TARGET_NAME)";
				SWIFT_VERSION = 5.0;
			};
			name = Debug;
		};
		27D96D8823C1AA62003A677B /* Release */ = {
			isa = XCBuildConfiguration;
			buildSettings = {
				ASSETCATALOG_COMPILER_APPICON_NAME = AppIcon;
				CODE_SIGN_ENTITLEMENTS = TicTacToe/TicTacToe.entitlements;
				CODE_SIGN_STYLE = Automatic;
				COMBINE_HIDPI_IMAGES = YES;
				DEVELOPMENT_TEAM = 642SNV9NK2;
				ENABLE_HARDENED_RUNTIME = NO;
				INFOPLIST_FILE = TicTacToe/Info.plist;
				LD_RUNPATH_SEARCH_PATHS = (
					"$(inherited)",
					"@executable_path/../Frameworks",
				);
				PRODUCT_BUNDLE_IDENTIFIER = com.vmwishes.TicTacToe;
				PRODUCT_NAME = "$(TARGET_NAME)";
				SWIFT_VERSION = 5.0;
			};
			name = Release;
		};
/* End XCBuildConfiguration section */

/* Begin XCConfigurationList section */
		27D96D7123C1AA60003A677B /* Build configuration list for PBXProject "TicTacToe" */ = {
			isa = XCConfigurationList;
			buildConfigurations = (
				27D96D8423C1AA62003A677B /* Debug */,
				27D96D8523C1AA62003A677B /* Release */,
			);
			defaultConfigurationIsVisible = 0;
			defaultConfigurationName = Release;
		};
		27D96D8623C1AA62003A677B /* Build configuration list for PBXNativeTarget "TicTacToe" */ = {
			isa = XCConfigurationList;
			buildConfigurations = (
				27D96D8723C1AA62003A677B /* Debug */,
				27D96D8823C1AA62003A677B /* Release */,
			);
			defaultConfigurationIsVisible = 0;
			defaultConfigurationName = Release;
		};
/* End XCConfigurationList section */
	};
	rootObject = 27D96D6E23C1AA60003A677B /* Project object */;
}
